// !$*UTF8*$!
{
	archiveVersion = 1;
	classes = {
	};
	objectVersion = 77;
	objects = {

/* Begin PBXContainerItemProxy section */
		2FC2CBC52EB8489B0038401E /* PBXContainerItemProxy */ = {
			isa = PBXContainerItemProxy;
			containerPortal = 2FC2CBAF2EB848980038401E /* Project object */;
			proxyType = 1;
			remoteGlobalIDString = 2FC2CBB62EB848980038401E;
			remoteInfo = Jibaro_Tic_Tac_Toe;
		};
		2FC2CBCF2EB8489B0038401E /* PBXContainerItemProxy */ = {
			isa = PBXContainerItemProxy;
			containerPortal = 2FC2CBAF2EB848980038401E /* Project object */;
			proxyType = 1;
			remoteGlobalIDString = 2FC2CBB62EB848980038401E;
			remoteInfo = Jibaro_Tic_Tac_Toe;
		};
/* End PBXContainerItemProxy section */

/* Begin PBXFileReference section */
		2FC2CBB72EB848980038401E /* Jibaro_Tic_Tac_Toe.app */ = {isa = PBXFileReference; explicitFileType = wrapper.application; includeInIndex = 0; path = Jibaro_Tic_Tac_Toe.app; sourceTree = BUILT_PRODUCTS_DIR; };
		2FC2CBC42EB8489B0038401E /* Jibaro_Tic_Tac_ToeTests.xctest */ = {isa = PBXFileReference; explicitFileType = wrapper.cfbundle; includeInIndex = 0; path = Jibaro_Tic_Tac_ToeTests.xctest; sourceTree = BUILT_PRODUCTS_DIR; };
		2FC2CBCE2EB8489B0038401E /* Jibaro_Tic_Tac_ToeUITests.xctest */ = {isa = PBXFileReference; explicitFileType = wrapper.cfbundle; includeInIndex = 0; path = Jibaro_Tic_Tac_ToeUITests.xctest; sourceTree = BUILT_PRODUCTS_DIR; };
/* End PBXFileReference section */

/* Begin PBXFileSystemSynchronizedRootGroup section */
		2FC2CBB92EB848980038401E /* Jibaro_Tic_Tac_Toe */ = {
			isa = PBXFileSystemSynchronizedRootGroup;
			path = Jibaro_Tic_Tac_Toe;
			sourceTree = "<group>";
		};
		2FC2CBC72EB8489B0038401E /* Jibaro_Tic_Tac_ToeTests */ = {
			isa = PBXFileSystemSynchronizedRootGroup;
			path = Jibaro_Tic_Tac_ToeTests;
			sourceTree = "<group>";
		};
		2FC2CBD12EB8489B0038401E /* Jibaro_Tic_Tac_ToeUITests */ = {
			isa = PBXFileSystemSynchronizedRootGroup;
			path = Jibaro_Tic_Tac_ToeUITests;
			sourceTree = "<group>";
		};
/* End PBXFileSystemSynchronizedRootGroup section */

/* Begin PBXFrameworksBuildPhase section */
		2FC2CBB42EB848980038401E /* Frameworks */ = {
			isa = PBXFrameworksBuildPhase;
			buildActionMask = 2147483647;
			files = (
			);
			runOnlyForDeploymentPostprocessing = 0;
		};
		2FC2CBC12EB8489B0038401E /* Frameworks */ = {
			isa = PBXFrameworksBuildPhase;
			buildActionMask = 2147483647;
			files = (
			);
			runOnlyForDeploymentPostprocessing = 0;
		};
		2FC2CBCB2EB8489B0038401E /* Frameworks */ = {
			isa = PBXFrameworksBuildPhase;
			buildActionMask = 2147483647;
			files = (
			);
			runOnlyForDeploymentPostprocessing = 0;
		};
/* End PBXFrameworksBuildPhase section */

/* Begin PBXGroup section */
		2FC2CBAE2EB848980038401E = {
			isa = PBXGroup;
			children = (
				2FC2CBB92EB848980038401E /* Jibaro_Tic_Tac_Toe */,
				2FC2CBC72EB8489B0038401E /* Jibaro_Tic_Tac_ToeTests */,
				2FC2CBD12EB8489B0038401E /* Jibaro_Tic_Tac_ToeUITests */,
				2FC2CBB82EB848980038401E /* Products */,
			);
			sourceTree = "<group>";
		};
		2FC2CBB82EB848980038401E /* Products */ = {
			isa = PBXGroup;
			children = (
				2FC2CBB72EB848980038401E /* Jibaro_Tic_Tac_Toe.app */,
				2FC2CBC42EB8489B0038401E /* Jibaro_Tic_Tac_ToeTests.xctest */,
				2FC2CBCE2EB8489B0038401E /* Jibaro_Tic_Tac_ToeUITests.xctest */,
			);
			name = Products;
			sourceTree = "<group>";
		};
/* End PBXGroup section */

/* Begin PBXNativeTarget section */
		2FC2CBB62EB848980038401E /* Jibaro_Tic_Tac_Toe */ = {
			isa = PBXNativeTarget;
			buildConfigurationList = 2FC2CBD82EB8489B0038401E /* Build configuration list for PBXNativeTarget "Jibaro_Tic_Tac_Toe" */;
			buildPhases = (
				2FC2CBB32EB848980038401E /* Sources */,
				2FC2CBB42EB848980038401E /* Frameworks */,
				2FC2CBB52EB848980038401E /* Resources */,
			);
			buildRules = (
			);
			dependencies = (
			);
			fileSystemSynchronizedGroups = (
				2FC2CBB92EB848980038401E /* Jibaro_Tic_Tac_Toe */,
			);
			name = Jibaro_Tic_Tac_Toe;
			packageProductDependencies = (
			);
			productName = Jibaro_Tic_Tac_Toe;
			productReference = 2FC2CBB72EB848980038401E /* Jibaro_Tic_Tac_Toe.app */;
			productType = "com.apple.product-type.application";
		};
		2FC2CBC32EB8489B0038401E /* Jibaro_Tic_Tac_ToeTests */ = {
			isa = PBXNativeTarget;
			buildConfigurationList = 2FC2CBDB2EB8489B0038401E /* Build configuration list for PBXNativeTarget "Jibaro_Tic_Tac_ToeTests" */;
			buildPhases = (
				2FC2CBC02EB8489B0038401E /* Sources */,
				2FC2CBC12EB8489B0038401E /* Frameworks */,
				2FC2CBC22EB8489B0038401E /* Resources */,
			);
			buildRules = (
			);
			dependencies = (
				2FC2CBC62EB8489B0038401E /* PBXTargetDependency */,
			);
			fileSystemSynchronizedGroups = (
				2FC2CBC72EB8489B0038401E /* Jibaro_Tic_Tac_ToeTests */,
			);
			name = Jibaro_Tic_Tac_ToeTests;
			packageProductDependencies = (
			);
			productName = Jibaro_Tic_Tac_ToeTests;
			productReference = 2FC2CBC42EB8489B0038401E /* Jibaro_Tic_Tac_ToeTests.xctest */;
			productType = "com.apple.product-type.bundle.unit-test";
		};
		2FC2CBCD2EB8489B0038401E /* Jibaro_Tic_Tac_ToeUITests */ = {
			isa = PBXNativeTarget;
			buildConfigurationList = 2FC2CBDE2EB8489B0038401E /* Build configuration list for PBXNativeTarget "Jibaro_Tic_Tac_ToeUITests" */;
			buildPhases = (
				2FC2CBCA2EB8489B0038401E /* Sources */,
				2FC2CBCB2EB8489B0038401E /* Frameworks */,
				2FC2CBCC2EB8489B0038401E /* Resources */,
			);
			buildRules = (
			);
			dependencies = (
				2FC2CBD02EB8489B0038401E /* PBXTargetDependency */,
			);
			fileSystemSynchronizedGroups = (
				2FC2CBD12EB8489B0038401E /* Jibaro_Tic_Tac_ToeUITests */,
			);
			name = Jibaro_Tic_Tac_ToeUITests;
			packageProductDependencies = (
			);
			productName = Jibaro_Tic_Tac_ToeUITests;
			productReference = 2FC2CBCE2EB8489B0038401E /* Jibaro_Tic_Tac_ToeUITests.xctest */;
			productType = "com.apple.product-type.bundle.ui-testing";
		};
/* End PBXNativeTarget section */

/* Begin PBXProject section */
		2FC2CBAF2EB848980038401E /* Project object */ = {
			isa = PBXProject;
			attributes = {
				BuildIndependentTargetsInParallel = 1;
				LastSwiftUpdateCheck = 2600;
				LastUpgradeCheck = 2600;
				TargetAttributes = {
					2FC2CBB62EB848980038401E = {
						CreatedOnToolsVersion = 26.0.1;
					};
					2FC2CBC32EB8489B0038401E = {
						CreatedOnToolsVersion = 26.0.1;
						TestTargetID = 2FC2CBB62EB848980038401E;
					};
					2FC2CBCD2EB8489B0038401E = {
						CreatedOnToolsVersion = 26.0.1;
						TestTargetID = 2FC2CBB62EB848980038401E;
					};
				};
			};
			buildConfigurationList = 2FC2CBB22EB848980038401E /* Build configuration list for PBXProject "Jibaro_Tic_Tac_Toe" */;
			developmentRegion = en;
			hasScannedForEncodings = 0;
			knownRegions = (
				en,
				Base,
			);
			mainGroup = 2FC2CBAE2EB848980038401E;
			minimizedProjectReferenceProxies = 1;
			preferredProjectObjectVersion = 77;
			productRefGroup = 2FC2CBB82EB848980038401E /* Products */;
			projectDirPath = "";
			projectRoot = "";
			targets = (
				2FC2CBB62EB848980038401E /* Jibaro_Tic_Tac_Toe */,
				2FC2CBC32EB8489B0038401E /* Jibaro_Tic_Tac_ToeTests */,
				2FC2CBCD2EB8489B0038401E /* Jibaro_Tic_Tac_ToeUITests */,
			);
		};
/* End PBXProject section */

/* Begin PBXResourcesBuildPhase section */
		2FC2CBB52EB848980038401E /* Resources */ = {
			isa = PBXResourcesBuildPhase;
			buildActionMask = 2147483647;
			files = (
			);
			runOnlyForDeploymentPostprocessing = 0;
		};
		2FC2CBC22EB8489B0038401E /* Resources */ = {
			isa = PBXResourcesBuildPhase;
			buildActionMask = 2147483647;
			files = (
			);
			runOnlyForDeploymentPostprocessing = 0;
		};
		2FC2CBCC2EB8489B0038401E /* Resources */ = {
			isa = PBXResourcesBuildPhase;
			buildActionMask = 2147483647;
			files = (
			);
			runOnlyForDeploymentPostprocessing = 0;
		};
/* End PBXResourcesBuildPhase section */

/* Begin PBXSourcesBuildPhase section */
		2FC2CBB32EB848980038401E /* Sources */ = {
			isa = PBXSourcesBuildPhase;
			buildActionMask = 2147483647;
			files = (
			);
			runOnlyForDeploymentPostprocessing = 0;
		};
		2FC2CBC02EB8489B0038401E /* Sources */ = {
			isa = PBXSourcesBuildPhase;
			buildActionMask = 2147483647;
			files = (
			);
			runOnlyForDeploymentPostprocessing = 0;
		};
		2FC2CBCA2EB8489B0038401E /* Sources */ = {
			isa = PBXSourcesBuildPhase;
			buildActionMask = 2147483647;
			files = (
			);
			runOnlyForDeploymentPostprocessing = 0;
		};
/* End PBXSourcesBuildPhase section */

/* Begin PBXTargetDependency section */
		2FC2CBC62EB8489B0038401E /* PBXTargetDependency */ = {
			isa = PBXTargetDependency;
			target = 2FC2CBB62EB848980038401E /* Jibaro_Tic_Tac_Toe */;
			targetProxy = 2FC2CBC52EB8489B0038401E /* PBXContainerItemProxy */;
		};
		2FC2CBD02EB8489B0038401E /* PBXTargetDependency */ = {
			isa = PBXTargetDependency;
			target = 2FC2CBB62EB848980038401E /* Jibaro_Tic_Tac_Toe */;
			targetProxy = 2FC2CBCF2EB8489B0038401E /* PBXContainerItemProxy */;
		};
/* End PBXTargetDependency section */

/* Begin XCBuildConfiguration section */
		2FC2CBD62EB8489B0038401E /* Debug */ = {
			isa = XCBuildConfiguration;
			buildSettings = {
				ALWAYS_SEARCH_USER_PATHS = NO;
				ASSETCATALOG_COMPILER_GENERATE_SWIFT_ASSET_SYMBOL_EXTENSIONS = YES;
				CLANG_ANALYZER_NONNULL = YES;
				CLANG_ANALYZER_NUMBER_OBJECT_CONVERSION = YES_AGGRESSIVE;
				CLANG_CXX_LANGUAGE_STANDARD = "gnu++20";
				CLANG_ENABLE_MODULES = YES;
				CLANG_ENABLE_OBJC_ARC = YES;
				CLANG_ENABLE_OBJC_WEAK = YES;
				CLANG_WARN_BLOCK_CAPTURE_AUTORELEASING = YES;
				CLANG_WARN_BOOL_CONVERSION = YES;
				CLANG_WARN_COMMA = YES;
				CLANG_WARN_CONSTANT_CONVERSION = YES;
				CLANG_WARN_DEPRECATED_OBJC_IMPLEMENTATIONS = YES;
				CLANG_WARN_DIRECT_OBJC_ISA_USAGE = YES_ERROR;
				CLANG_WARN_DOCUMENTATION_COMMENTS = YES;
				CLANG_WARN_EMPTY_BODY = YES;
				CLANG_WARN_ENUM_CONVERSION = YES;
				CLANG_WARN_INFINITE_RECURSION = YES;
				CLANG_WARN_INT_CONVERSION = YES;
				CLANG_WARN_NON_LITERAL_NULL_CONVERSION = YES;
				CLANG_WARN_OBJC_IMPLICIT_RETAIN_SELF = YES;
				CLANG_WARN_OBJC_LITERAL_CONVERSION = YES;
				CLANG_WARN_OBJC_ROOT_CLASS = YES_ERROR;
				CLANG_WARN_QUOTED_INCLUDE_IN_FRAMEWORK_HEADER = YES;
				CLANG_WARN_RANGE_LOOP_ANALYSIS = YES;
				CLANG_WARN_STRICT_PROTOTYPES = YES;
				CLANG_WARN_SUSPICIOUS_MOVE = YES;
				CLANG_WARN_UNGUARDED_AVAILABILITY = YES_AGGRESSIVE;
				CLANG_WARN_UNREACHABLE_CODE = YES;
				CLANG_WARN__DUPLICATE_METHOD_MATCH = YES;
				COPY_PHASE_STRIP = NO;
				DEBUG_INFORMATION_FORMAT = dwarf;
				DEVELOPMENT_TEAM = 696M9GC74E;
				ENABLE_STRICT_OBJC_MSGSEND = YES;
				ENABLE_TESTABILITY = YES;
				ENABLE_USER_SCRIPT_SANDBOXING = YES;
				GCC_C_LANGUAGE_STANDARD = gnu17;
				GCC_DYNAMIC_NO_PIC = NO;
				GCC_NO_COMMON_BLOCKS = YES;
				GCC_OPTIMIZATION_LEVEL = 0;
				GCC_PREPROCESSOR_DEFINITIONS = (
					"DEBUG=1",
					"$(inherited)",
				);
				GCC_WARN_64_TO_32_BIT_CONVERSION = YES;
				GCC_WARN_ABOUT_RETURN_TYPE = YES_ERROR;
				GCC_WARN_UNDECLARED_SELECTOR = YES;
				GCC_WARN_UNINITIALIZED_AUTOS = YES_AGGRESSIVE;
				GCC_WARN_UNUSED_FUNCTION = YES;
				GCC_WARN_UNUSED_VARIABLE = YES;
				LOCALIZATION_PREFERS_STRING_CATALOGS = YES;
				MACOSX_DEPLOYMENT_TARGET = 26.0;
				MTL_ENABLE_DEBUG_INFO = INCLUDE_SOURCE;
				MTL_FAST_MATH = YES;
				ONLY_ACTIVE_ARCH = YES;
				SDKROOT = macosx;
				SWIFT_ACTIVE_COMPILATION_CONDITIONS = "DEBUG $(inherited)";
				SWIFT_OPTIMIZATION_LEVEL = "-Onone";
			};
			name = Debug;
		};
		2FC2CBD72EB8489B0038401E /* Release */ = {
			isa = XCBuildConfiguration;
			buildSettings = {
				ALWAYS_SEARCH_USER_PATHS = NO;
				ASSETCATALOG_COMPILER_GENERATE_SWIFT_ASSET_SYMBOL_EXTENSIONS = YES;
				CLANG_ANALYZER_NONNULL = YES;
				CLANG_ANALYZER_NUMBER_OBJECT_CONVERSION = YES_AGGRESSIVE;
				CLANG_CXX_LANGUAGE_STANDARD = "gnu++20";
				CLANG_ENABLE_MODULES = YES;
				CLANG_ENABLE_OBJC_ARC = YES;
				CLANG_ENABLE_OBJC_WEAK = YES;
				CLANG_WARN_BLOCK_CAPTURE_AUTORELEASING = YES;
				CLANG_WARN_BOOL_CONVERSION = YES;
				CLANG_WARN_COMMA = YES;
				CLANG_WARN_CONSTANT_CONVERSION = YES;
				CLANG_WARN_DEPRECATED_OBJC_IMPLEMENTATIONS = YES;
				CLANG_WARN_DIRECT_OBJC_ISA_USAGE = YES_ERROR;
				CLANG_WARN_DOCUMENTATION_COMMENTS = YES;
				CLANG_WARN_EMPTY_BODY = YES;
				CLANG_WARN_ENUM_CONVERSION = YES;
				CLANG_WARN_INFINITE_RECURSION = YES;
				CLANG_WARN_INT_CONVERSION = YES;
				CLANG_WARN_NON_LITERAL_NULL_CONVERSION = YES;
				CLANG_WARN_OBJC_IMPLICIT_RETAIN_SELF = YES;
				CLANG_WARN_OBJC_LITERAL_CONVERSION = YES;
				CLANG_WARN_OBJC_ROOT_CLASS = YES_ERROR;
				CLANG_WARN_QUOTED_INCLUDE_IN_FRAMEWORK_HEADER = YES;
				CLANG_WARN_RANGE_LOOP_ANALYSIS = YES;
				CLANG_WARN_STRICT_PROTOTYPES = YES;
				CLANG_WARN_SUSPICIOUS_MOVE = YES;
				CLANG_WARN_UNGUARDED_AVAILABILITY = YES_AGGRESSIVE;
				CLANG_WARN_UNREACHABLE_CODE = YES;
				CLANG_WARN__DUPLICATE_METHOD_MATCH = YES;
				COPY_PHASE_STRIP = NO;
				DEBUG_INFORMATION_FORMAT = "dwarf-with-dsym";
				DEVELOPMENT_TEAM = 696M9GC74E;
				ENABLE_NS_ASSERTIONS = NO;
				ENABLE_STRICT_OBJC_MSGSEND = YES;
				ENABLE_USER_SCRIPT_SANDBOXING = YES;
				GCC_C_LANGUAGE_STANDARD = gnu17;
				GCC_NO_COMMON_BLOCKS = YES;
				GCC_WARN_64_TO_32_BIT_CONVERSION = YES;
				GCC_WARN_ABOUT_RETURN_TYPE = YES_ERROR;
				GCC_WARN_UNDECLARED_SELECTOR = YES;
				GCC_WARN_UNINITIALIZED_AUTOS = YES_AGGRESSIVE;
				GCC_WARN_UNUSED_FUNCTION = YES;
				GCC_WARN_UNUSED_VARIABLE = YES;
				LOCALIZATION_PREFERS_STRING_CATALOGS = YES;
				MACOSX_DEPLOYMENT_TARGET = 26.0;
				MTL_ENABLE_DEBUG_INFO = NO;
				MTL_FAST_MATH = YES;
				SDKROOT = macosx;
				SWIFT_COMPILATION_MODE = wholemodule;
			};
			name = Release;
		};
		2FC2CBD92EB8489B0038401E /* Debug */ = {
			isa = XCBuildConfiguration;
			buildSettings = {
				ASSETCATALOG_COMPILER_APPICON_NAME = AppIcon;
				ASSETCATALOG_COMPILER_GLOBAL_ACCENT_COLOR_NAME = AccentColor;
				CODE_SIGN_STYLE = Automatic;
				COMBINE_HIDPI_IMAGES = YES;
				CURRENT_PROJECT_VERSION = 1;
				DEVELOPMENT_TEAM = 696M9GC74E;
				ENABLE_APP_SANDBOX = YES;
				ENABLE_HARDENED_RUNTIME = YES;
				ENABLE_PREVIEWS = YES;
				ENABLE_USER_SELECTED_FILES = readonly;
				GENERATE_INFOPLIST_FILE = YES;
				INFOPLIST_KEY_NSHumanReadableCopyright = "";
				LD_RUNPATH_SEARCH_PATHS = (
					"$(inherited)",
					"@executable_path/../Frameworks",
				);
				MARKETING_VERSION = 1.0;
				PRODUCT_BUNDLE_IDENTIFIER = "com.jibarosenlaluna.Jibaro-Tic-Tac-Toe";
				PRODUCT_NAME = "$(TARGET_NAME)";
				REGISTER_APP_GROUPS = YES;
				STRING_CATALOG_GENERATE_SYMBOLS = YES;
				SWIFT_APPROACHABLE_CONCURRENCY = YES;
				SWIFT_DEFAULT_ACTOR_ISOLATION = MainActor;
				SWIFT_EMIT_LOC_STRINGS = YES;
				SWIFT_UPCOMING_FEATURE_MEMBER_IMPORT_VISIBILITY = YES;
				SWIFT_VERSION = 5.0;
			};
			name = Debug;
		};
		2FC2CBDA2EB8489B0038401E /* Release */ = {
			isa = XCBuildConfiguration;
			buildSettings = {
				ASSETCATALOG_COMPILER_APPICON_NAME = AppIcon;
				ASSETCATALOG_COMPILER_GLOBAL_ACCENT_COLOR_NAME = AccentColor;
				CODE_SIGN_STYLE = Automatic;
				COMBINE_HIDPI_IMAGES = YES;
				CURRENT_PROJECT_VERSION = 1;
				DEVELOPMENT_TEAM = 696M9GC74E;
				ENABLE_APP_SANDBOX = YES;
				ENABLE_HARDENED_RUNTIME = YES;
				ENABLE_PREVIEWS = YES;
				ENABLE_USER_SELECTED_FILES = readonly;
				GENERATE_INFOPLIST_FILE = YES;
				INFOPLIST_KEY_NSHumanReadableCopyright = "";
				LD_RUNPATH_SEARCH_PATHS = (
					"$(inherited)",
					"@executable_path/../Frameworks",
				);
				MARKETING_VERSION = 1.0;
				PRODUCT_BUNDLE_IDENTIFIER = "com.jibarosenlaluna.Jibaro-Tic-Tac-Toe";
				PRODUCT_NAME = "$(TARGET_NAME)";
				REGISTER_APP_GROUPS = YES;
				STRING_CATALOG_GENERATE_SYMBOLS = YES;
				SWIFT_APPROACHABLE_CONCURRENCY = YES;
				SWIFT_DEFAULT_ACTOR_ISOLATION = MainActor;
				SWIFT_EMIT_LOC_STRINGS = YES;
				SWIFT_UPCOMING_FEATURE_MEMBER_IMPORT_VISIBILITY = YES;
				SWIFT_VERSION = 5.0;
			};
			name = Release;
		};
		2FC2CBDC2EB8489B0038401E /* Debug */ = {
			isa = XCBuildConfiguration;
			buildSettings = {
				BUNDLE_LOADER = "$(TEST_HOST)";
				CODE_SIGN_STYLE = Automatic;
				CURRENT_PROJECT_VERSION = 1;
				DEVELOPMENT_TEAM = 696M9GC74E;
				GENERATE_INFOPLIST_FILE = YES;
				MACOSX_DEPLOYMENT_TARGET = 26.0;
				MARKETING_VERSION = 1.0;
				PRODUCT_BUNDLE_IDENTIFIER = "com.jibarosenlaluna.Jibaro-Tic-Tac-ToeTests";
				PRODUCT_NAME = "$(TARGET_NAME)";
				STRING_CATALOG_GENERATE_SYMBOLS = NO;
				SWIFT_APPROACHABLE_CONCURRENCY = YES;
				SWIFT_EMIT_LOC_STRINGS = NO;
				SWIFT_UPCOMING_FEATURE_MEMBER_IMPORT_VISIBILITY = YES;
				SWIFT_VERSION = 5.0;
				TEST_HOST = "$(BUILT_PRODUCTS_DIR)/Jibaro_Tic_Tac_Toe.app/$(BUNDLE_EXECUTABLE_FOLDER_PATH)/Jibaro_Tic_Tac_Toe";
			};
			name = Debug;
		};
		2FC2CBDD2EB8489B0038401E /* Release */ = {
			isa = XCBuildConfiguration;
			buildSettings = {
				BUNDLE_LOADER = "$(TEST_HOST)";
				CODE_SIGN_STYLE = Automatic;
				CURRENT_PROJECT_VERSION = 1;
				DEVELOPMENT_TEAM = 696M9GC74E;
				GENERATE_INFOPLIST_FILE = YES;
				MACOSX_DEPLOYMENT_TARGET = 26.0;
				MARKETING_VERSION = 1.0;
				PRODUCT_BUNDLE_IDENTIFIER = "com.jibarosenlaluna.Jibaro-Tic-Tac-ToeTests";
				PRODUCT_NAME = "$(TARGET_NAME)";
				STRING_CATALOG_GENERATE_SYMBOLS = NO;
				SWIFT_APPROACHABLE_CONCURRENCY = YES;
				SWIFT_EMIT_LOC_STRINGS = NO;
				SWIFT_UPCOMING_FEATURE_MEMBER_IMPORT_VISIBILITY = YES;
				SWIFT_VERSION = 5.0;
				TEST_HOST = "$(BUILT_PRODUCTS_DIR)/Jibaro_Tic_Tac_Toe.app/$(BUNDLE_EXECUTABLE_FOLDER_PATH)/Jibaro_Tic_Tac_Toe";
			};
			name = Release;
		};
		2FC2CBDF2EB8489B0038401E /* Debug */ = {
			isa = XCBuildConfiguration;
			buildSettings = {
				CODE_SIGN_STYLE = Automatic;
				CURRENT_PROJECT_VERSION = 1;
				DEVELOPMENT_TEAM = 696M9GC74E;
				GENERATE_INFOPLIST_FILE = YES;
				MARKETING_VERSION = 1.0;
				PRODUCT_BUNDLE_IDENTIFIER = "com.jibarosenlaluna.Jibaro-Tic-Tac-ToeUITests";
				PRODUCT_NAME = "$(TARGET_NAME)";
				STRING_CATALOG_GENERATE_SYMBOLS = NO;
				SWIFT_APPROACHABLE_CONCURRENCY = YES;
				SWIFT_EMIT_LOC_STRINGS = NO;
				SWIFT_UPCOMING_FEATURE_MEMBER_IMPORT_VISIBILITY = YES;
				SWIFT_VERSION = 5.0;
				TEST_TARGET_NAME = Jibaro_Tic_Tac_Toe;
			};
			name = Debug;
		};
		2FC2CBE02EB8489B0038401E /* Release */ = {
			isa = XCBuildConfiguration;
			buildSettings = {
				CODE_SIGN_STYLE = Automatic;
				CURRENT_PROJECT_VERSION = 1;
				DEVELOPMENT_TEAM = 696M9GC74E;
				GENERATE_INFOPLIST_FILE = YES;
				MARKETING_VERSION = 1.0;
				PRODUCT_BUNDLE_IDENTIFIER = "com.jibarosenlaluna.Jibaro-Tic-Tac-ToeUITests";
				PRODUCT_NAME = "$(TARGET_NAME)";
				STRING_CATALOG_GENERATE_SYMBOLS = NO;
				SWIFT_APPROACHABLE_CONCURRENCY = YES;
				SWIFT_EMIT_LOC_STRINGS = NO;
				SWIFT_UPCOMING_FEATURE_MEMBER_IMPORT_VISIBILITY = YES;
				SWIFT_VERSION = 5.0;
				TEST_TARGET_NAME = Jibaro_Tic_Tac_Toe;
			};
			name = Release;
		};
/* End XCBuildConfiguration section */

/* Begin XCConfigurationList section */
		2FC2CBB22EB848980038401E /* Build configuration list for PBXProject "Jibaro_Tic_Tac_Toe" */ = {
			isa = XCConfigurationList;
			buildConfigurations = (
				2FC2CBD62EB8489B0038401E /* Debug */,
				2FC2CBD72EB8489B0038401E /* Release */,
			);
			defaultConfigurationIsVisible = 0;
			defaultConfigurationName = Release;
		};
		2FC2CBD82EB8489B0038401E /* Build configuration list for PBXNativeTarget "Jibaro_Tic_Tac_Toe" */ = {
			isa = XCConfigurationList;
			buildConfigurations = (
				2FC2CBD92EB8489B0038401E /* Debug */,
				2FC2CBDA2EB8489B0038401E /* Release */,
			);
			defaultConfigurationIsVisible = 0;
			defaultConfigurationName = Release;
		};
		2FC2CBDB2EB8489B0038401E /* Build configuration list for PBXNativeTarget "Jibaro_Tic_Tac_ToeTests" */ = {
			isa = XCConfigurationList;
			buildConfigurations = (
				2FC2CBDC2EB8489B0038401E /* Debug */,
				2FC2CBDD2EB8489B0038401E /* Release */,
			);
			defaultConfigurationIsVisible = 0;
			defaultConfigurationName = Release;
		};
		2FC2CBDE2EB8489B0038401E /* Build configuration list for PBXNativeTarget "Jibaro_Tic_Tac_ToeUITests" */ = {
			isa = XCConfigurationList;
			buildConfigurations = (
				2FC2CBDF2EB8489B0038401E /* Debug */,
				2FC2CBE02EB8489B0038401E /* Release */,
			);
			defaultConfigurationIsVisible = 0;
			defaultConfigurationName = Release;
		};
/* End XCConfigurationList section */
	};
	rootObject = 2FC2CBAF2EB848980038401E /* Project object */;
}
