// !$*UTF8*$!
{
	archiveVersion = 1;
	classes = {
	};
	objectVersion = 56;
	objects = {

/* Begin PBXBuildFile section */
		3D0E1A2B2B5F1A1000000001 /* Jibaro_Tic_Tac_ToeApp.swift in Sources */ = {isa = PBXBuildFile; fileRef = 3D0E1A2A2B5F1A1000000001 /* Jibaro_Tic_Tac_ToeApp.swift */; };
		3D0E1A2D2B5F1A1000000001 /* ContentView.swift in Sources */ = {isa = PBXBuildFile; fileRef = 3D0E1A2C2B5F1A1000000001 /* ContentView.swift */; };
		3D0E1A2F2B5F1A1200000001 /* Assets.xcassets in Resources */ = {isa = PBXBuildFile; fileRef = 3D0E1A2E2B5F1A1200000001 /* Assets.xcassets */; };
		3D0E1A322B5F1A1200000001 /* Preview Assets.xcassets in Resources */ = {isa = PBXBuildFile; fileRef = 3D0E1A312B5F1A1200000001 /* Preview Assets.xcassets */; };
		3D0E1A392B5F1A3000000001 /* MenuView.swift in Sources */ = {isa = PBXBuildFile; fileRef = 3D0E1A382B5F1A3000000001 /* MenuView.swift */; };
		3D0E1A3B2B5F1A3500000001 /* GameView.swift in Sources */ = {isa = PBXBuildFile; fileRef = 3D0E1A3A2B5F1A3500000001 /* GameView.swift */; };
		3D0E1A3D2B5F1A3A00000001 /* SettingsView.swift in Sources */ = {isa = PBXBuildFile; fileRef = 3D0E1A3C2B5F1A3A00000001 /* SettingsView.swift */; };
		3D0E1A3F2B5F1A4000000001 /* GameLogic.swift in Sources */ = {isa = PBXBuildFile; fileRef = 3D0E1A3E2B5F1A4000000001 /* GameLogic.swift */; };
		3D0E1A412B5F1A4500000001 /* DataManager.swift in Sources */ = {isa = PBXBuildFile; fileRef = 3D0E1A402B5F1A4500000001 /* DataManager.swift */; };
		3D0E1A432B5F1A4A00000001 /* Models.swift in Sources */ = {isa = PBXBuildFile; fileRef = 3D0E1A422B5F1A4A00000001 /* Models.swift */; };
		3D0E1A452B5F1A5000000001 /* Extensions.swift in Sources */ = {isa = PBXBuildFile; fileRef = 3D0E1A442B5F1A5000000001 /* Extensions.swift */; };
/* End PBXBuildFile section */

/* Begin PBXFileReference section */
		3D0E1A272B5F1A1000000001 /* Jibaro Tic-Tac-Toe.app */ = {isa = PBXFileReference; explicitFileType = wrapper.application; includeInIndex = 0; path = "Jibaro Tic-Tac-Toe.app"; sourceTree = BUILT_PRODUCTS_DIR; };
		3D0E1A2A2B5F1A1000000001 /* Jibaro_Tic_Tac_ToeApp.swift */ = {isa = PBXFileReference; lastKnownFileType = sourcecode.swift; path = Jibaro_Tic_Tac_ToeApp.swift; sourceTree = "<group>"; };
		3D0E1A2C2B5F1A1000000001 /* ContentView.swift */ = {isa = PBXFileReference; lastKnownFileType = sourcecode.swift; path = ContentView.swift; sourceTree = "<group>"; };
		3D0E1A2E2B5F1A1200000001 /* Assets.xcassets */ = {isa = PBXFileReference; lastKnownFileType = folder.assetcatalog; path = Assets.xcassets; sourceTree = "<group>"; };
		3D0E1A312B5F1A1200000001 /* Preview Assets.xcassets */ = {isa = PBXFileReference; lastKnownFileType = folder.assetcatalog; path = "Preview Assets.xcassets"; sourceTree = "<group>"; };
		3D0E1A382B5F1A3000000001 /* MenuView.swift */ = {isa = PBXFileReference; lastKnownFileType = sourcecode.swift; path = MenuView.swift; sourceTree = "<group>"; };
		3D0E1A3A2B5F1A3500000001 /* GameView.swift */ = {isa = PBXFileReference; lastKnownFileType = sourcecode.swift; path = GameView.swift; sourceTree = "<group>"; };
		3D0E1A3C2B5F1A3A00000001 /* SettingsView.swift */ = {isa = PBXFileReference; lastKnownFileType = sourcecode.swift; path = SettingsView.swift; sourceTree = "<group>"; };
		3D0E1A3E2B5F1A4000000001 /* GameLogic.swift */ = {isa = PBXFileReference; lastKnownFileType = sourcecode.swift; path = GameLogic.swift; sourceTree = "<group>"; };
		3D0E1A402B5F1A4500000001 /* DataManager.swift */ = {isa = PBXFileReference; lastKnownFileType = sourcecode.swift; path = DataManager.swift; sourceTree = "<group>"; };
		3D0E1A422B5F1A4A00000001 /* Models.swift */ = {isa = PBXFileReference; lastKnownFileType = sourcecode.swift; path = Models.swift; sourceTree = "<group>"; };
		3D0E1A442B5F1A5000000001 /* Extensions.swift */ = {isa = PBXFileReference; lastKnownFileType = sourcecode.swift; path = Extensions.swift; sourceTree = "<group>"; };
/* End PBXFileReference section */

/* Begin PBXFrameworksBuildPhase section */
		3D0E1A242B5F1A1000000001 /* Frameworks */ = {
			isa = PBXFrameworksBuildPhase;
			buildActionMask = 2147483647;
			files = (
			);
			runOnlyForDeploymentPostprocessing = 0;
		};
/* End PBXFrameworksBuildPhase section */

/* Begin PBXGroup section */
		3D0E1A1E2B5F1A1000000001 = {
			isa = PBXGroup;
			children = (
				3D0E1A292B5F1A1000000001 /* Jibaro Tic-Tac-Toe */,
				3D0E1A282B5F1A1000000001 /* Products */,
			);
			sourceTree = "<group>";
		};
		3D0E1A282B5F1A1000000001 /* Products */ = {
			isa = PBXGroup;
			children = (
				3D0E1A272B5F1A1000000001 /* Jibaro Tic-Tac-Toe.app */,
			);
			name = Products;
			sourceTree = "<group>";
		};
		3D0E1A292B5F1A1000000001 /* Jibaro Tic-Tac-Toe */ = {
			isa = PBXGroup;
			children = (
				3D0E1A2A2B5F1A1000000001 /* Jibaro_Tic_Tac_ToeApp.swift */,
				3D0E1A2C2B5F1A1000000001 /* ContentView.swift */,
				3D0E1A382B5F1A3000000001 /* MenuView.swift */,
				3D0E1A3A2B5F1A3500000001 /* GameView.swift */,
				3D0E1A3C2B5F1A3A00000001 /* SettingsView.swift */,
				3D0E1A3E2B5F1A4000000001 /* GameLogic.swift */,
				3D0E1A402B5F1A4500000001 /* DataManager.swift */,
				3D0E1A422B5F1A4A00000001 /* Models.swift */,
				3D0E1A442B5F1A5000000001 /* Extensions.swift */,
				3D0E1A2E2B5F1A1200000001 /* Assets.xcassets */,
				3D0E1A302B5F1A1200000001 /* Preview Content */,
			);
			path = "Jibaro Tic-Tac-Toe";
			sourceTree = "<group>";
		};
		3D0E1A302B5F1A1200000001 /* Preview Content */ = {
			isa = PBXGroup;
			children = (
				3D0E1A312B5F1A1200000001 /* Preview Assets.xcassets */,
			);
			path = "Preview Content";
			sourceTree = "<group>";
		};
/* End PBXGroup section */

/* Begin PBXNativeTarget section */
		3D0E1A262B5F1A1000000001 /* Jibaro Tic-Tac-Toe */ = {
			isa = PBXNativeTarget;
			buildConfigurationList = 3D0E1A352B5F1A1200000001 /* Build configuration list for PBXNativeTarget "Jibaro Tic-Tac-Toe" */;
			buildPhases = (
				3D0E1A232B5F1A1000000001 /* Sources */,
				3D0E1A242B5F1A1000000001 /* Frameworks */,
				3D0E1A252B5F1A1000000001 /* Resources */,
			);
			buildRules = (
			);
			dependencies = (
			);
			name = "Jibaro Tic-Tac-Toe";
			productName = "Jibaro Tic-Tac-Toe";
			productReference = 3D0E1A272B5F1A1000000001 /* Jibaro Tic-Tac-Toe.app */;
			productType = "com.apple.product-type.application";
		};
/* End PBXNativeTarget section */

/* Begin PBXProject section */
		3D0E1A1F2B5F1A1000000001 /* Project object */ = {
			isa = PBXProject;
			attributes = {
				BuildIndependentTargetsInParallel = 1;
				LastSwiftUpdateCheck = 1530;
				LastUpgradeCheck = 1530;
				TargetAttributes = {
					3D0E1A262B5F1A1000000001 = {
						CreatedOnToolsVersion = 15.3;
					};
				};
			};
			buildConfigurationList = 3D0E1A222B5F1A1000000001 /* Build configuration list for PBXProject "Jibaro Tic-Tac-Toe" */;
			compatibilityVersion = "Xcode 14.0";
			developmentRegion = en;
			hasScannedForEncodings = 0;
			knownRegions = (
				en,
				Base,
			);
			mainGroup = 3D0E1A1E2B5F1A1000000001;
			productRefGroup = 3D0E1A282B5F1A1000000001 /* Products */;
			projectDirPath = "";
			projectRoot = "";
			targets = (
				3D0E1A262B5F1A1000000001 /* Jibaro Tic-Tac-Toe */,
			);
		};
/* End PBXProject section */

/* Begin PBXResourcesBuildPhase section */
		3D0E1A252B5F1A1000000001 /* Resources */ = {
			isa = PBXResourcesBuildPhase;
			buildActionMask = 2147483647;
			files = (
				3D0E1A322B5F1A1200000001 /* Preview Assets.xcassets in Resources */,
				3D0E1A2F2B5F1A1200000001 /* Assets.xcassets in Resources */,
			);
			runOnlyForDeploymentPostprocessing = 0;
		};
/* End PBXResourcesBuildPhase section */

/* Begin PBXSourcesBuildPhase section */
		3D0E1A232B5F1A1000000001 /* Sources */ = {
			isa = PBXSourcesBuildPhase;
			buildActionMask = 2147483647;
			files = (
				3D0E1A2D2B5F1A1000000001 /* ContentView.swift in Sources */,
				3D0E1A432B5F1A4A00000001 /* Models.swift in Sources */,
				3D0E1A3F2B5F1A4000000001 /* GameLogic.swift in Sources */,
				3D0E1A452B5F1A5000000001 /* Extensions.swift in Sources */,
				3D0E1A3B2B5F1A3500000001 /* GameView.swift in Sources */,
				3D0E1A412B5F1A4500000001 /* DataManager.swift in Sources */,
				3D0E1A392B5F1A3000000001 /* MenuView.swift in Sources */,
				3D0E1A2B2B5F1A1000000001 /* Jibaro_Tic_Tac_ToeApp.swift in Sources */,
				3D0E1A3D2B5F1A3A00000001 /* SettingsView.swift in Sources */,
			);
			runOnlyForDeploymentPostprocessing = 0;
		};
/* End PBXSourcesBuildPhase section */

/* Begin XCBuildConfiguration section */
		3D0E1A332B5F1A1200000001 /* Debug */ = {
			isa = XCBuildConfiguration;
			buildSettings = {
				ALWAYS_SEARCH_USER_PATHS = NO;
				ASSETCATALOG_COMPILER_GENERATE_SWIFT_ASSET_SYMBOL_EXTENSIONS = YES;
				CLANG_ANALYZER_NONNULL = YES;
				CLANG_ANALYZER_NUMBER_OBJECT_CONVERSION = YES_AGGRESSIVE;
				CLANG_CXX_LANGUAGE_STANDARD = "gnu++20";
				CLANG_ENABLE_MODULES = YES;
				CLANG_ENABLE_OBJC_ARC = YES;
				CLANG_ENABLE_OBJC_WEAK = YES;
				CLANG_WARN_BLOCK_CAPTURE_AUTORELEASING = YES;
				CLANG_WARN_BOOL_CONVERSION = YES;
				CLANG_WARN_COMMA = YES;
				CLANG_WARN_CONSTANT_CONVERSION = YES;
				CLANG_WARN_DEPRECATED_OBJC_IMPLEMENTATIONS = YES;
				CLANG_WARN_DIRECT_OBJC_ISA_USAGE = YES_ERROR;
				CLANG_WARN_DOCUMENTATION_COMMENTS = YES;
				CLANG_WARN_EMPTY_BODY = YES;
				CLANG_WARN_ENUM_CONVERSION = YES;
				CLANG_WARN_INFINITE_RECURSION = YES;
				CLANG_WARN_INT_CONVERSION = YES;
				CLANG_WARN_NON_LITERAL_NULL_CONVERSION = YES;
				CLANG_WARN_OBJC_IMPLICIT_RETAIN_SELF = YES;
				CLANG_WARN_OBJC_LITERAL_CONVERSION = YES;
				CLANG_WARN_OBJC_ROOT_CLASS = YES_ERROR;
				CLANG_WARN_QUOTED_INCLUDE_IN_FRAMEWORK_HEADER = YES;
				CLANG_WARN_RANGE_LOOP_ANALYSIS = YES;
				CLANG_WARN_STRICT_PROTOTYPES = YES;
				CLANG_WARN_SUSPICIOUS_MOVE = YES;
				CLANG_WARN_UNGUARDED_AVAILABILITY = YES_AGGRESSIVE;
				CLANG_WARN_UNREACHABLE_CODE = YES;
				CLANG_WARN__DUPLICATE_METHOD_MATCH = YES;
				COPY_PHASE_STRIP = NO;
				DEBUG_INFORMATION_FORMAT = dwarf;
				ENABLE_STRICT_OBJC_MSGSEND = YES;
				ENABLE_TESTABILITY = YES;
				ENABLE_USER_SCRIPT_SANDBOXING = YES;
				GCC_C_LANGUAGE_STANDARD = gnu17;
				GCC_DYNAMIC_NO_PIC = NO;
				GCC_NO_COMMON_BLOCKS = YES;
				GCC_OPTIMIZATION_LEVEL = 0;
				GCC_PREPROCESSOR_DEFINITIONS = (
					"DEBUG=1",
					"$(inherited)",
				);
				GCC_WARN_64_TO_32_BIT_CONVERSION = YES;
				GCC_WARN_ABOUT_RETURN_TYPE = YES_ERROR;
				GCC_WARN_UNDECLARED_SELECTOR = YES;
				GCC_WARN_UNINITIALIZED_AUTOS = YES_AGGRESSIVE;
				GCC_WARN_UNUSED_FUNCTION = YES;
				GCC_WARN_UNUSED_VARIABLE = YES;
				IPHONEOS_DEPLOYMENT_TARGET = 17.4;
				LOCALIZATION_PREFERS_STRING_CATALOGS = YES;
				MTL_ENABLE_DEBUG_INFO = INCLUDE_SOURCE;
				MTL_FAST_MATH = YES;
				ONLY_ACTIVE_ARCH = YES;
				SDKROOT = iphoneos;
				SWIFT_ACTIVE_COMPILATION_CONDITIONS = "DEBUG $(inherited)";
				SWIFT_OPTIMIZATION_LEVEL = "-Onone";
			};
			name = Debug;
		};
		3D0E1A342B5F1A1200000001 /* Release */ = {
			isa = XCBuildConfiguration;
			buildSettings = {
				ALWAYS_SEARCH_USER_PATHS = NO;
				ASSETCATALOG_COMPILER_GENERATE_SWIFT_ASSET_SYMBOL_EXTENSIONS = YES;
				CLANG_ANALYZER_NONNULL = YES;
				CLANG_ANALYZER_NUMBER_OBJECT_CONVERSION = YES_AGGRESSIVE;
				CLANG_CXX_LANGUAGE_STANDARD = "gnu++20";
				CLANG_ENABLE_MODULES = YES;
				CLANG_ENABLE_OBJC_ARC = YES;
				CLANG_ENABLE_OBJC_WEAK = YES;
				CLANG_WARN_BLOCK_CAPTURE_AUTORELEASING = YES;
				CLANG_WARN_BOOL_CONVERSION = YES;
				CLANG_WARN_COMMA = YES;
				CLANG_WARN_CONSTANT_CONVERSION = YES;
				CLANG_WARN_DEPRECATED_OBJC_IMPLEMENTATIONS = YES;
				CLANG_WARN_DIRECT_OBJC_ISA_USAGE = YES_ERROR;
				CLANG_WARN_DOCUMENTATION_COMMENTS = YES;
				CLANG_WARN_EMPTY_BODY = YES;
				CLANG_WARN_ENUM_CONVERSION = YES;
				CLANG_WARN_INFINITE_RECURSION = YES;
				CLANG_WARN_INT_CONVERSION = YES;
				CLANG_WARN_NON_LITERAL_NULL_CONVERSION = YES;
				CLANG_WARN_OBJC_IMPLICIT_RETAIN_SELF = YES;
				CLANG_WARN_OBJC_LITERAL_CONVERSION = YES;
				CLANG_WARN_OBJC_ROOT_CLASS = YES_ERROR;
				CLANG_WARN_QUOTED_INCLUDE_IN_FRAMEWORK_HEADER = YES;
				CLANG_WARN_RANGE_LOOP_ANALYSIS = YES;
				CLANG_WARN_STRICT_PROTOTYPES = YES;
				CLANG_WARN_SUSPICIOUS_MOVE = YES;
				CLANG_WARN_UNGUARDED_AVAILABILITY = YES_AGGRESSIVE;
				CLANG_WARN_UNREACHABLE_CODE = YES;
				CLANG_WARN__DUPLICATE_METHOD_MATCH = YES;
				COPY_PHASE_STRIP = NO;
				DEBUG_INFORMATION_FORMAT = "dwarf-with-dsym";
				ENABLE_NS_ASSERTIONS = NO;
				ENABLE_STRICT_OBJC_MSGSEND = YES;
				ENABLE_USER_SCRIPT_SANDBOXING = YES;
				GCC_C_LANGUAGE_STANDARD = gnu17;
				GCC_NO_COMMON_BLOCKS = YES;
				GCC_WARN_64_TO_32_BIT_CONVERSION = YES;
				GCC_WARN_ABOUT_RETURN_TYPE = YES_ERROR;
				GCC_WARN_UNDECLARED_SELECTOR = YES;
				GCC_WARN_UNINITIALIZED_AUTOS = YES_AGGRESSIVE;
				GCC_WARN_UNUSED_FUNCTION = YES;
				GCC_WARN_UNUSED_VARIABLE = YES;
				IPHONEOS_DEPLOYMENT_TARGET = 17.4;
				LOCALIZATION_PREFERS_STRING_CATALOGS = YES;
				MTL_ENABLE_DEBUG_INFO = NO;
				MTL_FAST_MATH = YES;
				SDKROOT = iphoneos;
				SWIFT_COMPILATION_MODE = wholemodule;
				VALIDATE_PRODUCT = YES;
			};
			name = Release;
		};
		3D0E1A362B5F1A1200000001 /* Debug */ = {
			isa = XCBuildConfiguration;
			buildSettings = {
				ASSETCATALOG_COMPILER_APPICON_NAME = AppIcon;
				ASSETCATALOG_COMPILER_GLOBAL_ACCENT_COLOR_NAME = AccentColor;
				CODE_SIGN_STYLE = Automatic;
				CURRENT_PROJECT_VERSION = 1;
				DEVELOPMENT_ASSET_PATHS = "\"Jibaro Tic-Tac-Toe/Preview Content\"";
				ENABLE_PREVIEWS = YES;
				GENERATE_INFOPLIST_FILE = YES;
				INFOPLIST_KEY_UIApplicationSceneManifest_Generation = YES;
				INFOPLIST_KEY_UIApplicationSupportsIndirectInputEvents = YES;
				INFOPLIST_KEY_UILaunchScreen_Generation = YES;
				INFOPLIST_KEY_UISupportedInterfaceOrientations_iPad = "UIInterfaceOrientationPortrait UIInterfaceOrientationPortraitUpsideDown UIInterfaceOrientationLandscapeLeft UIInterfaceOrientationLandscapeRight";
				INFOPLIST_KEY_UISupportedInterfaceOrientations_iPhone = "UIInterfaceOrientationPortrait UIInterfaceOrientationLandscapeLeft UIInterfaceOrientationLandscapeRight";
				LD_RUNPATH_SEARCH_PATHS = (
					"$(inherited)",
					"@executable_path/Frameworks",
				);
				MARKETING_VERSION = 1.0;
				PRODUCT_BUNDLE_IDENTIFIER = "com.jibarosenlaluna.Jibaro-Tic-Tac-Toe";
				PRODUCT_NAME = "$(TARGET_NAME)";
				SWIFT_EMIT_LOC_STRINGS = YES;
				SWIFT_VERSION = 5.0;
				TARGETED_DEVICE_FAMILY = "1,2";
			};
			name = Debug;
		};
		3D0E1A372B5F1A1200000001 /* Release */ = {
			isa = XCBuildConfiguration;
			buildSettings = {
				ASSETCATALOG_COMPILER_APPICON_NAME = AppIcon;
				ASSETCATALOG_COMPILER_GLOBAL_ACCENT_COLOR_NAME = AccentColor;
				CODE_SIGN_STYLE = Automatic;
				CURRENT_PROJECT_VERSION = 1;
				DEVELOPMENT_ASSET_PATHS = "\"Jibaro Tic-Tac-Toe/Preview Content\"";
				ENABLE_PREVIEWS = YES;
				GENERATE_INFOPLIST_FILE = YES;
				INFOPLIST_KEY_UIApplicationSceneManifest_Generation = YES;
				INFOPLIST_KEY_UIApplicationSupportsIndirectInputEvents = YES;
				INFOPLIST_KEY_UILaunchScreen_Generation = YES;
				INFOPLIST_KEY_UISupportedInterfaceOrientations_iPad = "UIInterfaceOrientationPortrait UIInterfaceOrientationPortraitUpsideDown UIInterfaceOrientationLandscapeLeft UIInterfaceOrientationLandscapeRight";
				INFOPLIST_KEY_UISupportedInterfaceOrientations_iPhone = "UIInterfaceOrientationPortrait UIInterfaceOrientationLandscapeLeft UIInterfaceOrientationLandscapeRight";
				LD_RUNPATH_SEARCH_PATHS = (
					"$(inherited)",
					"@executable_path/Frameworks",
				);
				MARKETING_VERSION = 1.0;
				PRODUCT_BUNDLE_IDENTIFIER = "com.jibarosenlaluna.Jibaro-Tic-Tac-Toe";
				PRODUCT_NAME = "$(TARGET_NAME)";
				SWIFT_EMIT_LOC_STRINGS = YES;
				SWIFT_VERSION = 5.0;
				TARGETED_DEVICE_FAMILY = "1,2";
			};
			name = Release;
		};
/* End XCBuildConfiguration section */

/* Begin XCConfigurationList section */
		3D0E1A222B5F1A1000000001 /* Build configuration list for PBXProject "Jibaro Tic-Tac-Toe" */ = {
			isa = XCConfigurationList;
			buildConfigurations = (
				3D0E1A332B5F1A1200000001 /* Debug */,
				3D0E1A342B5F1A1200000001 /* Release */,
			);
			defaultConfigurationIsVisible = 0;
			defaultConfigurationName = Release;
		};
		3D0E1A352B5F1A1200000001 /* Build configuration list for PBXNativeTarget "Jibaro Tic-Tac-Toe" */ = {
			isa = XCConfigurationList;
			buildConfigurations = (
				3D0E1A362B5F1A1200000001 /* Debug */,
				3D0E1A372B5F1A1200000001 /* Release */,
			);
			defaultConfigurationIsVisible = 0;
			defaultConfigurationName = Release;
		};
/* End XCConfigurationList section */
	};
	rootObject = 3D0E1A1F2B5F1A1000000001 /* Project object */;
}